<?xml version="1.0" encoding="utf-8"?>
<Project ToolsVersion="4.0" xmlns="http://schemas.microsoft.com/developer/msbuild/2003">
  <ItemGroup>
    <Filter Include="ソース ファイル">
      <UniqueIdentifier>{4FC737F1-C7A5-4376-A066-2A32D752A2FF}</UniqueIdentifier>
      <Extensions>cpp;c;cc;cxx;c++;cppm;ixx;def;odl;idl;hpj;bat;asm;asmx</Extensions>
    </Filter>
    <Filter Include="ソース ファイル\Scene">
      <UniqueIdentifier>{438267fc-9682-4e88-90ef-3355727ef2b5}</UniqueIdentifier>
    </Filter>
    <Filter Include="ソース ファイル\work_kiyosumi">
      <UniqueIdentifier>{ffa28588-5985-400f-8286-7ab4f4a5e990}</UniqueIdentifier>
    </Filter>
    <Filter Include="ソース ファイル\work_haruto">
      <UniqueIdentifier>{999acd3f-cc1f-4557-8e71-6559bde9decf}</UniqueIdentifier>
    </Filter>
    <Filter Include="ソース ファイル\work_kiyosumi\Camera">
      <UniqueIdentifier>{e70e66cb-9705-49c6-97ee-70aa63bde80c}</UniqueIdentifier>
    </Filter>
    <Filter Include="ソース ファイル\work_kiyosumi\UI">
      <UniqueIdentifier>{822742aa-5f55-41d6-8dc3-982b9eb0a287}</UniqueIdentifier>
    </Filter>
    <Filter Include="ソース ファイル\work_kiyosumi\Sound">
      <UniqueIdentifier>{32c1396e-bc62-47f3-9d2a-132f90534556}</UniqueIdentifier>
    </Filter>
    <Filter Include="ソース ファイル\work_kiyosumi\System">
      <UniqueIdentifier>{bce8abf4-02fc-468c-8d9a-b2c08464a523}</UniqueIdentifier>
    </Filter>
    <Filter Include="ソース ファイル\work_kiyosumi\Object">
      <UniqueIdentifier>{610c0a0b-413a-487d-a52f-848bd2783ee5}</UniqueIdentifier>
    </Filter>
    <Filter Include="ソース ファイル\work_kiyosumi\Player">
      <UniqueIdentifier>{3400fe6c-b23e-40f8-9b37-8afae5839d39}</UniqueIdentifier>
    </Filter>
    <Filter Include="ソース ファイル\yutaro">
      <UniqueIdentifier>{7b408cc6-6491-4cf8-9b35-99368b9baa63}</UniqueIdentifier>
    </Filter>
  </ItemGroup>
  <ItemGroup>
    <ClCompile Include="main.cpp">
      <Filter>ソース ファイル</Filter>
    </ClCompile>
    <ClCompile Include="PlayScene.cpp">
      <Filter>ソース ファイル\Scene</Filter>
    </ClCompile>
    <ClCompile Include="ResultScene.cpp">
      <Filter>ソース ファイル\Scene</Filter>
    </ClCompile>
    <ClCompile Include="TitleScene.cpp">
      <Filter>ソース ファイル\Scene</Filter>
    </ClCompile>
    <ClCompile Include="SceneManager.cpp">
      <Filter>ソース ファイル\Scene</Filter>
    </ClCompile>
    <ClCompile Include="SceneBase.cpp">
      <Filter>ソース ファイル\Scene</Filter>
    </ClCompile>
    <ClCompile Include="TitleUI.cpp">
      <Filter>ソース ファイル\work_kiyosumi\UI</Filter>
    </ClCompile>
    <ClCompile Include="UIBase.cpp">
      <Filter>ソース ファイル\work_kiyosumi\UI</Filter>
    </ClCompile>
    <ClCompile Include="PlayUI.cpp">
      <Filter>ソース ファイル\work_kiyosumi\UI</Filter>
    </ClCompile>
    <ClCompile Include="ResultUI.cpp">
      <Filter>ソース ファイル\work_kiyosumi\UI</Filter>
    </ClCompile>
    <ClCompile Include="SE.cpp">
      <Filter>ソース ファイル\work_kiyosumi\Sound</Filter>
    </ClCompile>
    <ClCompile Include="BGM.cpp">
      <Filter>ソース ファイル\work_kiyosumi\Sound</Filter>
    </ClCompile>
    <ClCompile Include="StaticObjectActor.cpp">
      <Filter>ソース ファイル\work_kiyosumi\Object</Filter>
    </ClCompile>
    <ClCompile Include="Camera.cpp">
      <Filter>ソース ファイル\work_kiyosumi\Camera</Filter>
    </ClCompile>
    <ClCompile Include="Actor.cpp">
      <Filter>ソース ファイル\work_kiyosumi\System</Filter>
    </ClCompile>
    <ClCompile Include="PlayerActor.cpp">
      <Filter>ソース ファイル\work_kiyosumi\Player</Filter>
    </ClCompile>
    <ClCompile Include="Effect.cpp">
      <Filter>ソース ファイル\work_haruto</Filter>
    </ClCompile>
    <ClCompile Include="WaterObject.cpp">
      <Filter>ソース ファイル\yutaro</Filter>
    </ClCompile>
    <ClCompile Include="Input.cpp">
      <Filter>ソース ファイル\work_kiyosumi\System</Filter>
    </ClCompile>
    <ClCompile Include="AudienceContoroller.cpp">
      <Filter>ソース ファイル\work_haruto</Filter>
    </ClCompile>
    <ClCompile Include="NewAudience.cpp">
      <Filter>ソース ファイル\work_haruto</Filter>
    </ClCompile>
    <ClCompile Include="AudienceContoroller.cpp">
      <Filter>ソース ファイル\work_haruto</Filter>
    </ClCompile>
    <ClCompile Include="NewAudience.cpp">
      <Filter>ソース ファイル\work_haruto</Filter>
    </ClCompile>
  </ItemGroup>
  <ItemGroup>
    <ClInclude Include="SceneBase.h">
      <Filter>ソース ファイル\Scene</Filter>
    </ClInclude>
    <ClInclude Include="TitleScene.h">
      <Filter>ソース ファイル\Scene</Filter>
    </ClInclude>
    <ClInclude Include="PlayScene.h">
      <Filter>ソース ファイル\Scene</Filter>
    </ClInclude>
    <ClInclude Include="ResultScene.h">
      <Filter>ソース ファイル\Scene</Filter>
    </ClInclude>
    <ClInclude Include="SceneManager.h">
      <Filter>ソース ファイル\Scene</Filter>
    </ClInclude>
    <ClInclude Include="UIBase.h">
      <Filter>ソース ファイル\work_kiyosumi\UI</Filter>
    </ClInclude>
    <ClInclude Include="TitleUI.h">
      <Filter>ソース ファイル\work_kiyosumi\UI</Filter>
    </ClInclude>
    <ClInclude Include="PlayUI.h">
      <Filter>ソース ファイル\work_kiyosumi\UI</Filter>
    </ClInclude>
    <ClInclude Include="ResultUI.h">
      <Filter>ソース ファイル\work_kiyosumi\UI</Filter>
    </ClInclude>
    <ClInclude Include="SE.h">
      <Filter>ソース ファイル\work_kiyosumi\Sound</Filter>
    </ClInclude>
    <ClInclude Include="BGM.h">
      <Filter>ソース ファイル\work_kiyosumi\Sound</Filter>
    </ClInclude>
    <ClInclude Include="StaticObjectActor.h">
      <Filter>ソース ファイル\work_kiyosumi\Object</Filter>
    </ClInclude>
    <ClInclude Include="Camera.h">
      <Filter>ソース ファイル\work_kiyosumi\Camera</Filter>
    </ClInclude>
    <ClInclude Include="Actor.h">
      <Filter>ソース ファイル\work_kiyosumi\System</Filter>
    </ClInclude>
    <ClInclude Include="PlayerActor.h">
      <Filter>ソース ファイル\work_kiyosumi\Player</Filter>
    </ClInclude>
    <ClInclude Include="Effect.h">
      <Filter>ソース ファイル\work_haruto</Filter>
    </ClInclude>
    <ClInclude Include="WaterObject.h">
      <Filter>ソース ファイル\yutaro</Filter>
    </ClInclude>
    <ClInclude Include="Input.h">
      <Filter>ソース ファイル\work_kiyosumi\System</Filter>
    </ClInclude>
    <ClInclude Include="AudienceContoroller.h">
      <Filter>ソース ファイル\work_haruto</Filter>
    </ClInclude>
    <ClInclude Include="NewAudience.h">
      <Filter>ソース ファイル\work_haruto</Filter>
    </ClInclude>
    <ClInclude Include="AudienceContoroller.h">
      <Filter>ソース ファイル\work_haruto</Filter>
    </ClInclude>
    <ClInclude Include="NewAudience.h">
      <Filter>ソース ファイル\work_haruto</Filter>
    </ClInclude>
  </ItemGroup>
</Project>