
Microsoft Visual Studio Solution File, Format Version 12.00
# Visual Studio Version 16
VisualStudioVersion = 16.0.30413.136
MinimumVisualStudioVersion = 10.0.40219.1
Project("{8BC9CEB8-8B4A-11D0-8D11-00A0C91BC942}") = "swimmingGame", "swimmingGame.vcxproj", "{03C616DF-8412-474F-9534-3928F2365B7C}"
EndProject
Global
	GlobalSection(SolutionConfigurationPlatforms) = preSolution
		Debug|x64 = Debug|x64
		Debug|x86 = Debug|x86
		Release|x64 = Release|x64
		Release|x86 = Release|x86
	EndGlobalSection
	GlobalSection(ProjectConfigurationPlatforms) = postSolution
		{03C616DF-8412-474F-9534-3928F2365B7C}.Debug|x64.ActiveCfg = Debug|x64
		{03C616DF-8412-474F-9534-3928F2365B7C}.Debug|x64.Build.0 = Debug|x64
		{03C616DF-8412-474F-9534-3928F2365B7C}.Debug|x86.ActiveCfg = Debug|Win32
		{03C616DF-8412-474F-9534-3928F2365B7C}.Debug|x86.Build.0 = Debug|Win32
		{03C616DF-8412-474F-9534-3928F2365B7C}.Release|x64.ActiveCfg = Release|x64
		{03C616DF-8412-474F-9534-3928F2365B7C}.Release|x64.Build.0 = Release|x64
		{03C616DF-8412-474F-9534-3928F2365B7C}.Release|x86.ActiveCfg = Release|Win32
		{03C616DF-8412-474F-9534-3928F2365B7C}.Release|x86.Build.0 = Release|Win32
	EndGlobalSection
	GlobalSection(SolutionProperties) = preSolution
		HideSolutionNode = FALSE
	EndGlobalSection
	GlobalSection(ExtensibilityGlobals) = postSolution
		SolutionGuid = {AE2F0DD6-7B2B-4B53-8B9F-11E45AF4F4C9}
	EndGlobalSection
EndGlobal
