<?xml version="1.0" encoding="utf-8"?>
<Project ToolsVersion="4.0" xmlns="http://schemas.microsoft.com/developer/msbuild/2003">
  <ItemGroup>
    <Filter Include="ソース ファイル">
      <UniqueIdentifier>{4FC737F1-C7A5-4376-A066-2A32D752A2FF}</UniqueIdentifier>
      <Extensions>cpp;c;cc;cxx;c++;cppm;ixx;def;odl;idl;hpj;bat;asm;asmx</Extensions>
    </Filter>
    <Filter Include="ソース ファイル\Scene">
      <UniqueIdentifier>{438267fc-9682-4e88-90ef-3355727ef2b5}</UniqueIdentifier>
    </Filter>
    <Filter Include="ソース ファイル\work_kiyosumi">
      <UniqueIdentifier>{ffa28588-5985-400f-8286-7ab4f4a5e990}</UniqueIdentifier>
    </Filter>
    <Filter Include="ソース ファイル\work_syougo">
      <UniqueIdentifier>{89206f4a-2495-4f35-8617-b78cc18ce4ab}</UniqueIdentifier>
    </Filter>
    <Filter Include="ソース ファイル\work_haruto">
      <UniqueIdentifier>{999acd3f-cc1f-4557-8e71-6559bde9decf}</UniqueIdentifier>
    </Filter>
    <Filter Include="ソース ファイル\work_kiyosumi\Camera">
      <UniqueIdentifier>{e70e66cb-9705-49c6-97ee-70aa63bde80c}</UniqueIdentifier>
    </Filter>
    <Filter Include="ソース ファイル\work_kiyosumi\UI">
      <UniqueIdentifier>{822742aa-5f55-41d6-8dc3-982b9eb0a287}</UniqueIdentifier>
    </Filter>
    <Filter Include="ソース ファイル\work_kiyosumi\Scene_kiyosumi">
      <UniqueIdentifier>{36461a0a-4e07-45c0-b2fb-49878e9ff3e1}</UniqueIdentifier>
    </Filter>
  </ItemGroup>
  <ItemGroup>
    <ClCompile Include="main.cpp">
      <Filter>ソース ファイル</Filter>
    </ClCompile>
    <ClCompile Include="PlayScene.cpp">
      <Filter>ソース ファイル\Scene</Filter>
    </ClCompile>
    <ClCompile Include="ResultScene.cpp">
      <Filter>ソース ファイル\Scene</Filter>
    </ClCompile>
    <ClCompile Include="TitleScene.cpp">
      <Filter>ソース ファイル\Scene</Filter>
    </ClCompile>
    <ClCompile Include="SceneManager.cpp">
      <Filter>ソース ファイル\Scene</Filter>
    </ClCompile>
    <ClCompile Include="SceneBase.cpp">
      <Filter>ソース ファイル\Scene</Filter>
    </ClCompile>
    <ClCompile Include="PlayScene_shougo.cpp">
      <Filter>ソース ファイル\work_syougo</Filter>
    </ClCompile>
    <ClCompile Include="PlayScene_YanoHaruto.cpp">
      <Filter>ソース ファイル\work_haruto</Filter>
    </ClCompile>
    <ClCompile Include="TitleCamera.cpp">
      <Filter>ソース ファイル\work_kiyosumi\Camera</Filter>
    </ClCompile>
    <ClCompile Include="TitleUI.cpp">
      <Filter>ソース ファイル\work_kiyosumi\UI</Filter>
    </ClCompile>
    <ClCompile Include="UIBase.cpp">
      <Filter>ソース ファイル\work_kiyosumi\UI</Filter>
    </ClCompile>
    <ClCompile Include="PlayUI.cpp">
      <Filter>ソース ファイル\work_kiyosumi\UI</Filter>
    </ClCompile>
    <ClCompile Include="ResultUI.cpp">
      <Filter>ソース ファイル\work_kiyosumi\UI</Filter>
    </ClCompile>
    <ClCompile Include="PlayScene_kiyosumi.cpp">
      <Filter>ソース ファイル\work_kiyosumi\Scene_kiyosumi</Filter>
    </ClCompile>
    <ClCompile Include="ResultScene_kiyosumi.cpp">
      <Filter>ソース ファイル\work_kiyosumi\Scene_kiyosumi</Filter>
    </ClCompile>
    <ClCompile Include="SceneManager_kiyosumi.cpp">
      <Filter>ソース ファイル\work_kiyosumi\Scene_kiyosumi</Filter>
    </ClCompile>
    <ClCompile Include="TitleScene_kiyosumi.cpp">
      <Filter>ソース ファイル\work_kiyosumi\Scene_kiyosumi</Filter>
    </ClCompile>
    <ClCompile Include="main_kiyosumi.cpp">
      <Filter>ソース ファイル\work_kiyosumi</Filter>
    </ClCompile>
    <ClCompile Include="PlayCamera.cpp">
      <Filter>ソース ファイル\work_kiyosumi\Camera</Filter>
    </ClCompile>
    <ClCompile Include="ResultCamera.cpp">
      <Filter>ソース ファイル\work_kiyosumi\Camera</Filter>
    </ClCompile>
  </ItemGroup>
  <ItemGroup>
    <ClInclude Include="SceneBase.h">
      <Filter>ソース ファイル\Scene</Filter>
    </ClInclude>
    <ClInclude Include="TitleScene.h">
      <Filter>ソース ファイル\Scene</Filter>
    </ClInclude>
    <ClInclude Include="PlayScene.h">
      <Filter>ソース ファイル\Scene</Filter>
    </ClInclude>
    <ClInclude Include="ResultScene.h">
      <Filter>ソース ファイル\Scene</Filter>
    </ClInclude>
    <ClInclude Include="SceneManager.h">
      <Filter>ソース ファイル\Scene</Filter>
    </ClInclude>
    <ClInclude Include="PlayScene_shougo.h">
      <Filter>ソース ファイル\work_syougo</Filter>
    </ClInclude>
    <ClInclude Include="PlayScene_YanoHaruto.h">
      <Filter>ソース ファイル\work_haruto</Filter>
    </ClInclude>
    <ClInclude Include="CameraBase.h">
      <Filter>ソース ファイル\work_kiyosumi\Camera</Filter>
    </ClInclude>
    <ClInclude Include="TitleCamera.h">
      <Filter>ソース ファイル\work_kiyosumi\Camera</Filter>
    </ClInclude>
    <ClInclude Include="UIBase.h">
      <Filter>ソース ファイル\work_kiyosumi\UI</Filter>
    </ClInclude>
    <ClInclude Include="TitleUI.h">
      <Filter>ソース ファイル\work_kiyosumi\UI</Filter>
    </ClInclude>
    <ClInclude Include="PlayUI.h">
      <Filter>ソース ファイル\work_kiyosumi\UI</Filter>
    </ClInclude>
    <ClInclude Include="ResultUI.h">
      <Filter>ソース ファイル\work_kiyosumi\UI</Filter>
    </ClInclude>
    <ClInclude Include="PlayScene_kiyosumi.h">
      <Filter>ソース ファイル\work_kiyosumi\Scene_kiyosumi</Filter>
    </ClInclude>
    <ClInclude Include="ResultScene_kiyosumi.h">
      <Filter>ソース ファイル\work_kiyosumi\Scene_kiyosumi</Filter>
    </ClInclude>
    <ClInclude Include="SceneManager_kiyosumi.h">
      <Filter>ソース ファイル\work_kiyosumi\Scene_kiyosumi</Filter>
    </ClInclude>
    <ClInclude Include="TitleScene_kiyosumi.h">
      <Filter>ソース ファイル\work_kiyosumi\Scene_kiyosumi</Filter>
    </ClInclude>
    <ClInclude Include="PlayCamera.h">
      <Filter>ソース ファイル\work_kiyosumi\Camera</Filter>
    </ClInclude>
    <ClInclude Include="ResultCamera.h">
      <Filter>ソース ファイル\work_kiyosumi\Camera</Filter>
    </ClInclude>
  </ItemGroup>
</Project>